
Microsoft Visual Studio Solution File, Format Version 12.00
# Visual Studio Version 17
VisualStudioVersion = 17.8.34309.116
MinimumVisualStudioVersion = 10.0.40219.1
Project("{2150E333-8FDC-42A3-9474-1A3956D46DE8}") = "UI", "UI", "{901B4F21-F5E0-46CC-9AFF-DA1AFFB6BA6A}"
EndProject
Project("{2150E333-8FDC-42A3-9474-1A3956D46DE8}") = "GateWay", "GateWay", "{9FBB0BC5-DA43-4432-A874-8148EAEFF9C5}"
EndProject
Project("{2150E333-8FDC-42A3-9474-1A3956D46DE8}") = "LaBenViServices", "LaBenViServices", "{9BDA4105-631F-4548-A802-7EEA2472F3DF}"
EndProject
Project("{2150E333-8FDC-42A3-9474-1A3956D46DE8}") = "Integration", "Integration", "{788F718B-0010-42E9-AB73-4E433359F24E}"
EndProject
Project("{9A19103F-16F7-4668-BE54-9A1E7A4F7556}") = "LaBenVi_CouponAPI", "LaBenVi_CouponAPI\LaBenVi_CouponAPI.csproj", "{1822C358-C2F8-4C17-BC18-F492107BAB3C}"
EndProject
Project("{9A19103F-16F7-4668-BE54-9A1E7A4F7556}") = "LaBenVi-UI", "LaBenVi-UI\LaBenVi-UI.csproj", "{28025B0E-269E-446C-84BD-B3636A02E3C9}"
EndProject
Project("{9A19103F-16F7-4668-BE54-9A1E7A4F7556}") = "LaBenVi-AuthService", "LaBenVi-AuthService\LaBenVi-AuthService.csproj", "{69844D7C-B72F-4E50-BD3F-ADA1B819E455}"
EndProject
Project("{9A19103F-16F7-4668-BE54-9A1E7A4F7556}") = "LaBenVi.Products", "LaBenVi.Products\LaBenVi.Products.csproj", "{ED474A6F-9FEF-448D-BDE5-0B33D33B69A4}"
EndProject
Project("{9A19103F-16F7-4668-BE54-9A1E7A4F7556}") = "LaBenVi_CartAPI", "LaBenVi_CartAPI\LaBenVi_CartAPI.csproj", "{4558B857-D7DC-45B2-98CF-DD01FCC4175D}"
EndProject
Project("{9A19103F-16F7-4668-BE54-9A1E7A4F7556}") = "LaBenVi_OrderAPI", "LaBenVi_OrderAPI\LaBenVi_OrderAPI.csproj", "{6A22FA11-1B75-40A3-BADB-309AE0F2BB50}"
EndProject
Project("{FAE04EC0-301F-11D3-BF4B-00C04F79EFBC}") = "LaBenVi_EmailAPI", "LaBenVi_EmailAPI\LaBenVi_EmailAPI.csproj", "{FCCD60CC-4A0D-4C46-A401-B0C50AB27861}"
EndProject
Global
	GlobalSection(SolutionConfigurationPlatforms) = preSolution
		Debug|Any CPU = Debug|Any CPU
		Release|Any CPU = Release|Any CPU
	EndGlobalSection
	GlobalSection(ProjectConfigurationPlatforms) = postSolution
		{1822C358-C2F8-4C17-BC18-F492107BAB3C}.Debug|Any CPU.ActiveCfg = Debug|Any CPU
		{1822C358-C2F8-4C17-BC18-F492107BAB3C}.Debug|Any CPU.Build.0 = Debug|Any CPU
		{1822C358-C2F8-4C17-BC18-F492107BAB3C}.Release|Any CPU.ActiveCfg = Release|Any CPU
		{1822C358-C2F8-4C17-BC18-F492107BAB3C}.Release|Any CPU.Build.0 = Release|Any CPU
		{28025B0E-269E-446C-84BD-B3636A02E3C9}.Debug|Any CPU.ActiveCfg = Debug|Any CPU
		{28025B0E-269E-446C-84BD-B3636A02E3C9}.Debug|Any CPU.Build.0 = Debug|Any CPU
		{28025B0E-269E-446C-84BD-B3636A02E3C9}.Release|Any CPU.ActiveCfg = Release|Any CPU
		{28025B0E-269E-446C-84BD-B3636A02E3C9}.Release|Any CPU.Build.0 = Release|Any CPU
		{69844D7C-B72F-4E50-BD3F-ADA1B819E455}.Debug|Any CPU.ActiveCfg = Debug|Any CPU
		{69844D7C-B72F-4E50-BD3F-ADA1B819E455}.Debug|Any CPU.Build.0 = Debug|Any CPU
		{69844D7C-B72F-4E50-BD3F-ADA1B819E455}.Release|Any CPU.ActiveCfg = Release|Any CPU
		{69844D7C-B72F-4E50-BD3F-ADA1B819E455}.Release|Any CPU.Build.0 = Release|Any CPU
		{ED474A6F-9FEF-448D-BDE5-0B33D33B69A4}.Debug|Any CPU.ActiveCfg = Debug|Any CPU
		{ED474A6F-9FEF-448D-BDE5-0B33D33B69A4}.Debug|Any CPU.Build.0 = Debug|Any CPU
		{ED474A6F-9FEF-448D-BDE5-0B33D33B69A4}.Release|Any CPU.ActiveCfg = Release|Any CPU
		{ED474A6F-9FEF-448D-BDE5-0B33D33B69A4}.Release|Any CPU.Build.0 = Release|Any CPU
		{4558B857-D7DC-45B2-98CF-DD01FCC4175D}.Debug|Any CPU.ActiveCfg = Debug|Any CPU
		{4558B857-D7DC-45B2-98CF-DD01FCC4175D}.Debug|Any CPU.Build.0 = Debug|Any CPU
		{4558B857-D7DC-45B2-98CF-DD01FCC4175D}.Release|Any CPU.ActiveCfg = Release|Any CPU
		{4558B857-D7DC-45B2-98CF-DD01FCC4175D}.Release|Any CPU.Build.0 = Release|Any CPU
		{6A22FA11-1B75-40A3-BADB-309AE0F2BB50}.Debug|Any CPU.ActiveCfg = Debug|Any CPU
		{6A22FA11-1B75-40A3-BADB-309AE0F2BB50}.Debug|Any CPU.Build.0 = Debug|Any CPU
		{6A22FA11-1B75-40A3-BADB-309AE0F2BB50}.Release|Any CPU.ActiveCfg = Release|Any CPU
		{6A22FA11-1B75-40A3-BADB-309AE0F2BB50}.Release|Any CPU.Build.0 = Release|Any CPU
		{FCCD60CC-4A0D-4C46-A401-B0C50AB27861}.Debug|Any CPU.ActiveCfg = Debug|Any CPU
		{FCCD60CC-4A0D-4C46-A401-B0C50AB27861}.Debug|Any CPU.Build.0 = Debug|Any CPU
		{FCCD60CC-4A0D-4C46-A401-B0C50AB27861}.Release|Any CPU.ActiveCfg = Release|Any CPU
		{FCCD60CC-4A0D-4C46-A401-B0C50AB27861}.Release|Any CPU.Build.0 = Release|Any CPU
	EndGlobalSection
	GlobalSection(SolutionProperties) = preSolution
		HideSolutionNode = FALSE
	EndGlobalSection
	GlobalSection(NestedProjects) = preSolution
		{1822C358-C2F8-4C17-BC18-F492107BAB3C} = {9BDA4105-631F-4548-A802-7EEA2472F3DF}
		{28025B0E-269E-446C-84BD-B3636A02E3C9} = {901B4F21-F5E0-46CC-9AFF-DA1AFFB6BA6A}
		{69844D7C-B72F-4E50-BD3F-ADA1B819E455} = {9BDA4105-631F-4548-A802-7EEA2472F3DF}
		{ED474A6F-9FEF-448D-BDE5-0B33D33B69A4} = {9BDA4105-631F-4548-A802-7EEA2472F3DF}
		{4558B857-D7DC-45B2-98CF-DD01FCC4175D} = {9BDA4105-631F-4548-A802-7EEA2472F3DF}
		{6A22FA11-1B75-40A3-BADB-309AE0F2BB50} = {9BDA4105-631F-4548-A802-7EEA2472F3DF}
		{FCCD60CC-4A0D-4C46-A401-B0C50AB27861} = {9BDA4105-631F-4548-A802-7EEA2472F3DF}
	EndGlobalSection
	GlobalSection(ExtensibilityGlobals) = postSolution
		SolutionGuid = {2D0D5FD5-82E2-4F02-959C-751BA45D2773}
	EndGlobalSection
EndGlobal
